
Microsoft Visual Studio Solution File, Format Version 12.00
Project("{FAE04EC0-301F-11D3-BF4B-00C04F79EFBC}") = "BprpDetector", "BprpDetector\BprpDetector.csproj", "{8FF2D033-FBF2-4E39-877B-407FC84838FD}"
EndProject
Global
	GlobalSection(SolutionConfigurationPlatforms) = preSolution
		Debug|Any CPU = Debug|Any CPU
		Release|Any CPU = Release|Any CPU
	EndGlobalSection
	GlobalSection(ProjectConfigurationPlatforms) = postSolution
		{8FF2D033-FBF2-4E39-877B-407FC84838FD}.Debug|Any CPU.ActiveCfg = Debug|Any CPU
		{8FF2D033-FBF2-4E39-877B-407FC84838FD}.Debug|Any CPU.Build.0 = Debug|Any CPU
		{8FF2D033-FBF2-4E39-877B-407FC84838FD}.Release|Any CPU.ActiveCfg = Release|Any CPU
		{8FF2D033-FBF2-4E39-877B-407FC84838FD}.Release|Any CPU.Build.0 = Release|Any CPU
	EndGlobalSection
EndGlobal
